
Microsoft Visual Studio Solution File, Format Version 12.00
# Visual Studio Version 16
VisualStudioVersion = 16.0.30804.86
MinimumVisualStudioVersion = 10.0.40219.1
Project("{FAE04EC0-301F-11D3-BF4B-00C04F79EFBC}") = "WindowsFormsApp2", "WindowsFormsApp2.csproj", "{B991E811-5F33-4496-AA00-87FC26AD1C0F}"
EndProject
Global
	GlobalSection(SolutionConfigurationPlatforms) = preSolution
		Debug|Any CPU = Debug|Any CPU
		Release|Any CPU = Release|Any CPU
	EndGlobalSection
	GlobalSection(ProjectConfigurationPlatforms) = postSolution
		{B991E811-5F33-4496-AA00-87FC26AD1C0F}.Debug|Any CPU.ActiveCfg = Debug|Any CPU
		{B991E811-5F33-4496-AA00-87FC26AD1C0F}.Debug|Any CPU.Build.0 = Debug|Any CPU
		{B991E811-5F33-4496-AA00-87FC26AD1C0F}.Release|Any CPU.ActiveCfg = Release|Any CPU
		{B991E811-5F33-4496-AA00-87FC26AD1C0F}.Release|Any CPU.Build.0 = Release|Any CPU
	EndGlobalSection
	GlobalSection(SolutionProperties) = preSolution
		HideSolutionNode = FALSE
	EndGlobalSection
	GlobalSection(ExtensibilityGlobals) = postSolution
		SolutionGuid = {4AB60581-A1E0-4146-BBF4-C4640C1CD655}
	EndGlobalSection
EndGlobal
